
Microsoft Visual Studio Solution File, Format Version 12.00
# Visual Studio 15
VisualStudioVersion = 15.0.28307.757
MinimumVisualStudioVersion = 10.0.40219.1
Project("{8BC9CEB8-8B4A-11D0-8D11-00A0C91BC942}") = "2swexpert_escape_person", "2swexpert_escape_person\2swexpert_escape_person.vcxproj", "{E82C8E83-A580-4328-B2E1-09F5707478AF}"
EndProject
Global
	GlobalSection(SolutionConfigurationPlatforms) = preSolution
		Debug|x64 = Debug|x64
		Debug|x86 = Debug|x86
		Release|x64 = Release|x64
		Release|x86 = Release|x86
	EndGlobalSection
	GlobalSection(ProjectConfigurationPlatforms) = postSolution
		{E82C8E83-A580-4328-B2E1-09F5707478AF}.Debug|x64.ActiveCfg = Debug|x64
		{E82C8E83-A580-4328-B2E1-09F5707478AF}.Debug|x64.Build.0 = Debug|x64
		{E82C8E83-A580-4328-B2E1-09F5707478AF}.Debug|x86.ActiveCfg = Debug|Win32
		{E82C8E83-A580-4328-B2E1-09F5707478AF}.Debug|x86.Build.0 = Debug|Win32
		{E82C8E83-A580-4328-B2E1-09F5707478AF}.Release|x64.ActiveCfg = Release|x64
		{E82C8E83-A580-4328-B2E1-09F5707478AF}.Release|x64.Build.0 = Release|x64
		{E82C8E83-A580-4328-B2E1-09F5707478AF}.Release|x86.ActiveCfg = Release|Win32
		{E82C8E83-A580-4328-B2E1-09F5707478AF}.Release|x86.Build.0 = Release|Win32
	EndGlobalSection
	GlobalSection(SolutionProperties) = preSolution
		HideSolutionNode = FALSE
	EndGlobalSection
	GlobalSection(ExtensibilityGlobals) = postSolution
		SolutionGuid = {80479430-6F2B-4D9B-94B3-F3C66EDAEB20}
	EndGlobalSection
EndGlobal
