
Microsoft Visual Studio Solution File, Format Version 12.00
# Visual Studio 15
VisualStudioVersion = 15.0.28307.757
MinimumVisualStudioVersion = 10.0.40219.1
Project("{8BC9CEB8-8B4A-11D0-8D11-00A0C91BC942}") = "2swexpert_connecting_processor", "2swexpert_connecting_processor\2swexpert_connecting_processor.vcxproj", "{EAD34A17-10A5-4A91-9AB8-A970E8B61FC5}"
EndProject
Global
	GlobalSection(SolutionConfigurationPlatforms) = preSolution
		Debug|x64 = Debug|x64
		Debug|x86 = Debug|x86
		Release|x64 = Release|x64
		Release|x86 = Release|x86
	EndGlobalSection
	GlobalSection(ProjectConfigurationPlatforms) = postSolution
		{EAD34A17-10A5-4A91-9AB8-A970E8B61FC5}.Debug|x64.ActiveCfg = Debug|x64
		{EAD34A17-10A5-4A91-9AB8-A970E8B61FC5}.Debug|x64.Build.0 = Debug|x64
		{EAD34A17-10A5-4A91-9AB8-A970E8B61FC5}.Debug|x86.ActiveCfg = Debug|Win32
		{EAD34A17-10A5-4A91-9AB8-A970E8B61FC5}.Debug|x86.Build.0 = Debug|Win32
		{EAD34A17-10A5-4A91-9AB8-A970E8B61FC5}.Release|x64.ActiveCfg = Release|x64
		{EAD34A17-10A5-4A91-9AB8-A970E8B61FC5}.Release|x64.Build.0 = Release|x64
		{EAD34A17-10A5-4A91-9AB8-A970E8B61FC5}.Release|x86.ActiveCfg = Release|Win32
		{EAD34A17-10A5-4A91-9AB8-A970E8B61FC5}.Release|x86.Build.0 = Release|Win32
	EndGlobalSection
	GlobalSection(SolutionProperties) = preSolution
		HideSolutionNode = FALSE
	EndGlobalSection
	GlobalSection(ExtensibilityGlobals) = postSolution
		SolutionGuid = {13A4D30B-AD55-44F7-BA80-35C35310932F}
	EndGlobalSection
EndGlobal
