
Microsoft Visual Studio Solution File, Format Version 12.00
# Visual Studio 15
VisualStudioVersion = 15.0.28307.757
MinimumVisualStudioVersion = 10.0.40219.1
Project("{8BC9CEB8-8B4A-11D0-8D11-00A0C91BC942}") = "2baek_ladder_play", "2baek_ladder_play\2baek_ladder_play.vcxproj", "{14AFFB95-2852-4A9A-BA7E-636E65DE6873}"
EndProject
Global
	GlobalSection(SolutionConfigurationPlatforms) = preSolution
		Debug|x64 = Debug|x64
		Debug|x86 = Debug|x86
		Release|x64 = Release|x64
		Release|x86 = Release|x86
	EndGlobalSection
	GlobalSection(ProjectConfigurationPlatforms) = postSolution
		{14AFFB95-2852-4A9A-BA7E-636E65DE6873}.Debug|x64.ActiveCfg = Debug|x64
		{14AFFB95-2852-4A9A-BA7E-636E65DE6873}.Debug|x64.Build.0 = Debug|x64
		{14AFFB95-2852-4A9A-BA7E-636E65DE6873}.Debug|x86.ActiveCfg = Debug|Win32
		{14AFFB95-2852-4A9A-BA7E-636E65DE6873}.Debug|x86.Build.0 = Debug|Win32
		{14AFFB95-2852-4A9A-BA7E-636E65DE6873}.Release|x64.ActiveCfg = Release|x64
		{14AFFB95-2852-4A9A-BA7E-636E65DE6873}.Release|x64.Build.0 = Release|x64
		{14AFFB95-2852-4A9A-BA7E-636E65DE6873}.Release|x86.ActiveCfg = Release|Win32
		{14AFFB95-2852-4A9A-BA7E-636E65DE6873}.Release|x86.Build.0 = Release|Win32
	EndGlobalSection
	GlobalSection(SolutionProperties) = preSolution
		HideSolutionNode = FALSE
	EndGlobalSection
	GlobalSection(ExtensibilityGlobals) = postSolution
		SolutionGuid = {EE65B6DD-C8FD-4DB5-A5D2-3BAF819E4FF8}
	EndGlobalSection
EndGlobal
