
Microsoft Visual Studio Solution File, Format Version 12.00
# Visual Studio 15
VisualStudioVersion = 15.0.28307.757
MinimumVisualStudioVersion = 10.0.40219.1
Project("{8BC9CEB8-8B4A-11D0-8D11-00A0C91BC942}") = "kakao_num_baseball_game", "kakao_num_baseball_game\kakao_num_baseball_game.vcxproj", "{FFB7102C-733C-4204-ABF4-578524CA32D5}"
EndProject
Global
	GlobalSection(SolutionConfigurationPlatforms) = preSolution
		Debug|x64 = Debug|x64
		Debug|x86 = Debug|x86
		Release|x64 = Release|x64
		Release|x86 = Release|x86
	EndGlobalSection
	GlobalSection(ProjectConfigurationPlatforms) = postSolution
		{FFB7102C-733C-4204-ABF4-578524CA32D5}.Debug|x64.ActiveCfg = Debug|x64
		{FFB7102C-733C-4204-ABF4-578524CA32D5}.Debug|x64.Build.0 = Debug|x64
		{FFB7102C-733C-4204-ABF4-578524CA32D5}.Debug|x86.ActiveCfg = Debug|Win32
		{FFB7102C-733C-4204-ABF4-578524CA32D5}.Debug|x86.Build.0 = Debug|Win32
		{FFB7102C-733C-4204-ABF4-578524CA32D5}.Release|x64.ActiveCfg = Release|x64
		{FFB7102C-733C-4204-ABF4-578524CA32D5}.Release|x64.Build.0 = Release|x64
		{FFB7102C-733C-4204-ABF4-578524CA32D5}.Release|x86.ActiveCfg = Release|Win32
		{FFB7102C-733C-4204-ABF4-578524CA32D5}.Release|x86.Build.0 = Release|Win32
	EndGlobalSection
	GlobalSection(SolutionProperties) = preSolution
		HideSolutionNode = FALSE
	EndGlobalSection
	GlobalSection(ExtensibilityGlobals) = postSolution
		SolutionGuid = {FD80E2BC-E5CC-4C5B-BC52-BE69473916FF}
	EndGlobalSection
EndGlobal
