
Microsoft Visual Studio Solution File, Format Version 12.00
# Visual Studio 15
VisualStudioVersion = 15.0.28307.572
MinimumVisualStudioVersion = 10.0.40219.1
Project("{8BC9CEB8-8B4A-11D0-8D11-00A0C91BC942}") = "baek_6603", "baek_6603\baek_6603.vcxproj", "{97DB0F89-B55D-4395-8FB3-DBD984483A46}"
EndProject
Global
	GlobalSection(SolutionConfigurationPlatforms) = preSolution
		Debug|x64 = Debug|x64
		Debug|x86 = Debug|x86
		Release|x64 = Release|x64
		Release|x86 = Release|x86
	EndGlobalSection
	GlobalSection(ProjectConfigurationPlatforms) = postSolution
		{97DB0F89-B55D-4395-8FB3-DBD984483A46}.Debug|x64.ActiveCfg = Debug|x64
		{97DB0F89-B55D-4395-8FB3-DBD984483A46}.Debug|x64.Build.0 = Debug|x64
		{97DB0F89-B55D-4395-8FB3-DBD984483A46}.Debug|x86.ActiveCfg = Debug|Win32
		{97DB0F89-B55D-4395-8FB3-DBD984483A46}.Debug|x86.Build.0 = Debug|Win32
		{97DB0F89-B55D-4395-8FB3-DBD984483A46}.Release|x64.ActiveCfg = Release|x64
		{97DB0F89-B55D-4395-8FB3-DBD984483A46}.Release|x64.Build.0 = Release|x64
		{97DB0F89-B55D-4395-8FB3-DBD984483A46}.Release|x86.ActiveCfg = Release|Win32
		{97DB0F89-B55D-4395-8FB3-DBD984483A46}.Release|x86.Build.0 = Release|Win32
	EndGlobalSection
	GlobalSection(SolutionProperties) = preSolution
		HideSolutionNode = FALSE
	EndGlobalSection
	GlobalSection(ExtensibilityGlobals) = postSolution
		SolutionGuid = {E7B929A1-51B4-4568-AF1A-46DC06A247B7}
	EndGlobalSection
EndGlobal
