
Microsoft Visual Studio Solution File, Format Version 12.00
# Visual Studio 15
VisualStudioVersion = 15.0.28307.757
MinimumVisualStudioVersion = 10.0.40219.1
Project("{8BC9CEB8-8B4A-11D0-8D11-00A0C91BC942}") = "baek-newgame2-ver2", "baek-newgame2-ver2\baek-newgame2-ver2.vcxproj", "{7D557206-A10E-4DD2-B200-CF56D7C63938}"
EndProject
Global
	GlobalSection(SolutionConfigurationPlatforms) = preSolution
		Debug|x64 = Debug|x64
		Debug|x86 = Debug|x86
		Release|x64 = Release|x64
		Release|x86 = Release|x86
	EndGlobalSection
	GlobalSection(ProjectConfigurationPlatforms) = postSolution
		{7D557206-A10E-4DD2-B200-CF56D7C63938}.Debug|x64.ActiveCfg = Debug|x64
		{7D557206-A10E-4DD2-B200-CF56D7C63938}.Debug|x64.Build.0 = Debug|x64
		{7D557206-A10E-4DD2-B200-CF56D7C63938}.Debug|x86.ActiveCfg = Debug|Win32
		{7D557206-A10E-4DD2-B200-CF56D7C63938}.Debug|x86.Build.0 = Debug|Win32
		{7D557206-A10E-4DD2-B200-CF56D7C63938}.Release|x64.ActiveCfg = Release|x64
		{7D557206-A10E-4DD2-B200-CF56D7C63938}.Release|x64.Build.0 = Release|x64
		{7D557206-A10E-4DD2-B200-CF56D7C63938}.Release|x86.ActiveCfg = Release|Win32
		{7D557206-A10E-4DD2-B200-CF56D7C63938}.Release|x86.Build.0 = Release|Win32
	EndGlobalSection
	GlobalSection(SolutionProperties) = preSolution
		HideSolutionNode = FALSE
	EndGlobalSection
	GlobalSection(ExtensibilityGlobals) = postSolution
		SolutionGuid = {7648BBEA-C852-49E2-B2CF-B5195DC10593}
	EndGlobalSection
EndGlobal
