
Microsoft Visual Studio Solution File, Format Version 12.00
# Visual Studio 15
VisualStudioVersion = 15.0.28307.757
MinimumVisualStudioVersion = 10.0.40219.1
Project("{8BC9CEB8-8B4A-11D0-8D11-00A0C91BC942}") = "swex_cooker", "swex_cooker\swex_cooker.vcxproj", "{63195615-362A-4F07-8AEC-34F454530001}"
EndProject
Global
	GlobalSection(SolutionConfigurationPlatforms) = preSolution
		Debug|x64 = Debug|x64
		Debug|x86 = Debug|x86
		Release|x64 = Release|x64
		Release|x86 = Release|x86
	EndGlobalSection
	GlobalSection(ProjectConfigurationPlatforms) = postSolution
		{63195615-362A-4F07-8AEC-34F454530001}.Debug|x64.ActiveCfg = Debug|x64
		{63195615-362A-4F07-8AEC-34F454530001}.Debug|x64.Build.0 = Debug|x64
		{63195615-362A-4F07-8AEC-34F454530001}.Debug|x86.ActiveCfg = Debug|Win32
		{63195615-362A-4F07-8AEC-34F454530001}.Debug|x86.Build.0 = Debug|Win32
		{63195615-362A-4F07-8AEC-34F454530001}.Release|x64.ActiveCfg = Release|x64
		{63195615-362A-4F07-8AEC-34F454530001}.Release|x64.Build.0 = Release|x64
		{63195615-362A-4F07-8AEC-34F454530001}.Release|x86.ActiveCfg = Release|Win32
		{63195615-362A-4F07-8AEC-34F454530001}.Release|x86.Build.0 = Release|Win32
	EndGlobalSection
	GlobalSection(SolutionProperties) = preSolution
		HideSolutionNode = FALSE
	EndGlobalSection
	GlobalSection(ExtensibilityGlobals) = postSolution
		SolutionGuid = {4C8B1D5D-3B2F-4C88-8391-5D31D4D6F05C}
	EndGlobalSection
EndGlobal
