
Microsoft Visual Studio Solution File, Format Version 12.00
# Visual Studio 15
VisualStudioVersion = 15.0.28307.757
MinimumVisualStudioVersion = 10.0.40219.1
Project("{8BC9CEB8-8B4A-11D0-8D11-00A0C91BC942}") = "baek-newgame2", "baek-newgame2\baek-newgame2.vcxproj", "{3837FA0E-476D-42C3-B727-88566889F0E5}"
EndProject
Global
	GlobalSection(SolutionConfigurationPlatforms) = preSolution
		Debug|x64 = Debug|x64
		Debug|x86 = Debug|x86
		Release|x64 = Release|x64
		Release|x86 = Release|x86
	EndGlobalSection
	GlobalSection(ProjectConfigurationPlatforms) = postSolution
		{3837FA0E-476D-42C3-B727-88566889F0E5}.Debug|x64.ActiveCfg = Debug|x64
		{3837FA0E-476D-42C3-B727-88566889F0E5}.Debug|x64.Build.0 = Debug|x64
		{3837FA0E-476D-42C3-B727-88566889F0E5}.Debug|x86.ActiveCfg = Debug|Win32
		{3837FA0E-476D-42C3-B727-88566889F0E5}.Debug|x86.Build.0 = Debug|Win32
		{3837FA0E-476D-42C3-B727-88566889F0E5}.Release|x64.ActiveCfg = Release|x64
		{3837FA0E-476D-42C3-B727-88566889F0E5}.Release|x64.Build.0 = Release|x64
		{3837FA0E-476D-42C3-B727-88566889F0E5}.Release|x86.ActiveCfg = Release|Win32
		{3837FA0E-476D-42C3-B727-88566889F0E5}.Release|x86.Build.0 = Release|Win32
	EndGlobalSection
	GlobalSection(SolutionProperties) = preSolution
		HideSolutionNode = FALSE
	EndGlobalSection
	GlobalSection(ExtensibilityGlobals) = postSolution
		SolutionGuid = {78262178-0EDA-4FE4-8ABC-64159EA35097}
	EndGlobalSection
EndGlobal
