
Microsoft Visual Studio Solution File, Format Version 12.00
# Visual Studio 15
VisualStudioVersion = 15.0.28307.757
MinimumVisualStudioVersion = 10.0.40219.1
Project("{8BC9CEB8-8B4A-11D0-8D11-00A0C91BC942}") = "swex_carrepairshop", "swex_carrepairshop\swex_carrepairshop.vcxproj", "{F50B4C7B-EBE9-4C8A-9076-5639CB93E957}"
EndProject
Global
	GlobalSection(SolutionConfigurationPlatforms) = preSolution
		Debug|x64 = Debug|x64
		Debug|x86 = Debug|x86
		Release|x64 = Release|x64
		Release|x86 = Release|x86
	EndGlobalSection
	GlobalSection(ProjectConfigurationPlatforms) = postSolution
		{F50B4C7B-EBE9-4C8A-9076-5639CB93E957}.Debug|x64.ActiveCfg = Debug|x64
		{F50B4C7B-EBE9-4C8A-9076-5639CB93E957}.Debug|x64.Build.0 = Debug|x64
		{F50B4C7B-EBE9-4C8A-9076-5639CB93E957}.Debug|x86.ActiveCfg = Debug|Win32
		{F50B4C7B-EBE9-4C8A-9076-5639CB93E957}.Debug|x86.Build.0 = Debug|Win32
		{F50B4C7B-EBE9-4C8A-9076-5639CB93E957}.Release|x64.ActiveCfg = Release|x64
		{F50B4C7B-EBE9-4C8A-9076-5639CB93E957}.Release|x64.Build.0 = Release|x64
		{F50B4C7B-EBE9-4C8A-9076-5639CB93E957}.Release|x86.ActiveCfg = Release|Win32
		{F50B4C7B-EBE9-4C8A-9076-5639CB93E957}.Release|x86.Build.0 = Release|Win32
	EndGlobalSection
	GlobalSection(SolutionProperties) = preSolution
		HideSolutionNode = FALSE
	EndGlobalSection
	GlobalSection(ExtensibilityGlobals) = postSolution
		SolutionGuid = {C225C791-E645-4BAB-B10E-B4970998EB3B}
	EndGlobalSection
EndGlobal
