
Microsoft Visual Studio Solution File, Format Version 12.00
# Visual Studio 15
VisualStudioVersion = 15.0.28307.757
MinimumVisualStudioVersion = 10.0.40219.1
Project("{8BC9CEB8-8B4A-11D0-8D11-00A0C91BC942}") = "baek_2_dimension_array", "baek_2_dimension_array\baek_2_dimension_array.vcxproj", "{DC7DE07B-7424-4F23-9BBB-E35C3860B918}"
EndProject
Global
	GlobalSection(SolutionConfigurationPlatforms) = preSolution
		Debug|x64 = Debug|x64
		Debug|x86 = Debug|x86
		Release|x64 = Release|x64
		Release|x86 = Release|x86
	EndGlobalSection
	GlobalSection(ProjectConfigurationPlatforms) = postSolution
		{DC7DE07B-7424-4F23-9BBB-E35C3860B918}.Debug|x64.ActiveCfg = Debug|x64
		{DC7DE07B-7424-4F23-9BBB-E35C3860B918}.Debug|x64.Build.0 = Debug|x64
		{DC7DE07B-7424-4F23-9BBB-E35C3860B918}.Debug|x86.ActiveCfg = Debug|Win32
		{DC7DE07B-7424-4F23-9BBB-E35C3860B918}.Debug|x86.Build.0 = Debug|Win32
		{DC7DE07B-7424-4F23-9BBB-E35C3860B918}.Release|x64.ActiveCfg = Release|x64
		{DC7DE07B-7424-4F23-9BBB-E35C3860B918}.Release|x64.Build.0 = Release|x64
		{DC7DE07B-7424-4F23-9BBB-E35C3860B918}.Release|x86.ActiveCfg = Release|Win32
		{DC7DE07B-7424-4F23-9BBB-E35C3860B918}.Release|x86.Build.0 = Release|Win32
	EndGlobalSection
	GlobalSection(SolutionProperties) = preSolution
		HideSolutionNode = FALSE
	EndGlobalSection
	GlobalSection(ExtensibilityGlobals) = postSolution
		SolutionGuid = {D086E847-7C74-4F26-977B-0C9B77AE2D58}
	EndGlobalSection
EndGlobal
