
Microsoft Visual Studio Solution File, Format Version 12.00
# Visual Studio 15
VisualStudioVersion = 15.0.28307.757
MinimumVisualStudioVersion = 10.0.40219.1
Project("{8BC9CEB8-8B4A-11D0-8D11-00A0C91BC942}") = "kakao_secret_map", "kakao_secret_map\kakao_secret_map.vcxproj", "{544E5066-49E7-45CC-BDA0-3E5C2E3A0AB8}"
EndProject
Global
	GlobalSection(SolutionConfigurationPlatforms) = preSolution
		Debug|x64 = Debug|x64
		Debug|x86 = Debug|x86
		Release|x64 = Release|x64
		Release|x86 = Release|x86
	EndGlobalSection
	GlobalSection(ProjectConfigurationPlatforms) = postSolution
		{544E5066-49E7-45CC-BDA0-3E5C2E3A0AB8}.Debug|x64.ActiveCfg = Debug|x64
		{544E5066-49E7-45CC-BDA0-3E5C2E3A0AB8}.Debug|x64.Build.0 = Debug|x64
		{544E5066-49E7-45CC-BDA0-3E5C2E3A0AB8}.Debug|x86.ActiveCfg = Debug|Win32
		{544E5066-49E7-45CC-BDA0-3E5C2E3A0AB8}.Debug|x86.Build.0 = Debug|Win32
		{544E5066-49E7-45CC-BDA0-3E5C2E3A0AB8}.Release|x64.ActiveCfg = Release|x64
		{544E5066-49E7-45CC-BDA0-3E5C2E3A0AB8}.Release|x64.Build.0 = Release|x64
		{544E5066-49E7-45CC-BDA0-3E5C2E3A0AB8}.Release|x86.ActiveCfg = Release|Win32
		{544E5066-49E7-45CC-BDA0-3E5C2E3A0AB8}.Release|x86.Build.0 = Release|Win32
	EndGlobalSection
	GlobalSection(SolutionProperties) = preSolution
		HideSolutionNode = FALSE
	EndGlobalSection
	GlobalSection(ExtensibilityGlobals) = postSolution
		SolutionGuid = {431E5D87-F5D9-43AC-9D1D-621E2E7025DD}
	EndGlobalSection
EndGlobal
