
Microsoft Visual Studio Solution File, Format Version 12.00
# Visual Studio 15
VisualStudioVersion = 15.0.28307.572
MinimumVisualStudioVersion = 10.0.40219.1
Project("{8BC9CEB8-8B4A-11D0-8D11-00A0C91BC942}") = "swex_mountain", "swex_mountain\swex_mountain.vcxproj", "{2F921C72-0BD2-47F2-838E-9818EF6FDFAE}"
EndProject
Global
	GlobalSection(SolutionConfigurationPlatforms) = preSolution
		Debug|x64 = Debug|x64
		Debug|x86 = Debug|x86
		Release|x64 = Release|x64
		Release|x86 = Release|x86
	EndGlobalSection
	GlobalSection(ProjectConfigurationPlatforms) = postSolution
		{2F921C72-0BD2-47F2-838E-9818EF6FDFAE}.Debug|x64.ActiveCfg = Debug|x64
		{2F921C72-0BD2-47F2-838E-9818EF6FDFAE}.Debug|x64.Build.0 = Debug|x64
		{2F921C72-0BD2-47F2-838E-9818EF6FDFAE}.Debug|x86.ActiveCfg = Debug|Win32
		{2F921C72-0BD2-47F2-838E-9818EF6FDFAE}.Debug|x86.Build.0 = Debug|Win32
		{2F921C72-0BD2-47F2-838E-9818EF6FDFAE}.Release|x64.ActiveCfg = Release|x64
		{2F921C72-0BD2-47F2-838E-9818EF6FDFAE}.Release|x64.Build.0 = Release|x64
		{2F921C72-0BD2-47F2-838E-9818EF6FDFAE}.Release|x86.ActiveCfg = Release|Win32
		{2F921C72-0BD2-47F2-838E-9818EF6FDFAE}.Release|x86.Build.0 = Release|Win32
	EndGlobalSection
	GlobalSection(SolutionProperties) = preSolution
		HideSolutionNode = FALSE
	EndGlobalSection
	GlobalSection(ExtensibilityGlobals) = postSolution
		SolutionGuid = {8E2719AF-2FA2-4589-A9E4-24A68E3DCBD4}
	EndGlobalSection
EndGlobal
