
Microsoft Visual Studio Solution File, Format Version 12.00
# Visual Studio 15
VisualStudioVersion = 15.0.28307.1082
MinimumVisualStudioVersion = 10.0.40219.1
Project("{8BC9CEB8-8B4A-11D0-8D11-00A0C91BC942}") = "0904_number_of_124world", "0904_number_of_124world\0904_number_of_124world.vcxproj", "{4900EE7F-57B8-477D-9612-69E186114025}"
EndProject
Project("{8BC9CEB8-8B4A-11D0-8D11-00A0C91BC942}") = "0904_printer", "0904_printer\0904_printer.vcxproj", "{BC5B79AD-0405-4EA6-B4ED-EB4A21F2C804}"
EndProject
Global
	GlobalSection(SolutionConfigurationPlatforms) = preSolution
		Debug|x64 = Debug|x64
		Debug|x86 = Debug|x86
		Release|x64 = Release|x64
		Release|x86 = Release|x86
	EndGlobalSection
	GlobalSection(ProjectConfigurationPlatforms) = postSolution
		{4900EE7F-57B8-477D-9612-69E186114025}.Debug|x64.ActiveCfg = Debug|x64
		{4900EE7F-57B8-477D-9612-69E186114025}.Debug|x64.Build.0 = Debug|x64
		{4900EE7F-57B8-477D-9612-69E186114025}.Debug|x86.ActiveCfg = Debug|Win32
		{4900EE7F-57B8-477D-9612-69E186114025}.Debug|x86.Build.0 = Debug|Win32
		{4900EE7F-57B8-477D-9612-69E186114025}.Release|x64.ActiveCfg = Release|x64
		{4900EE7F-57B8-477D-9612-69E186114025}.Release|x64.Build.0 = Release|x64
		{4900EE7F-57B8-477D-9612-69E186114025}.Release|x86.ActiveCfg = Release|Win32
		{4900EE7F-57B8-477D-9612-69E186114025}.Release|x86.Build.0 = Release|Win32
		{BC5B79AD-0405-4EA6-B4ED-EB4A21F2C804}.Debug|x64.ActiveCfg = Debug|x64
		{BC5B79AD-0405-4EA6-B4ED-EB4A21F2C804}.Debug|x64.Build.0 = Debug|x64
		{BC5B79AD-0405-4EA6-B4ED-EB4A21F2C804}.Debug|x86.ActiveCfg = Debug|Win32
		{BC5B79AD-0405-4EA6-B4ED-EB4A21F2C804}.Debug|x86.Build.0 = Debug|Win32
		{BC5B79AD-0405-4EA6-B4ED-EB4A21F2C804}.Release|x64.ActiveCfg = Release|x64
		{BC5B79AD-0405-4EA6-B4ED-EB4A21F2C804}.Release|x64.Build.0 = Release|x64
		{BC5B79AD-0405-4EA6-B4ED-EB4A21F2C804}.Release|x86.ActiveCfg = Release|Win32
		{BC5B79AD-0405-4EA6-B4ED-EB4A21F2C804}.Release|x86.Build.0 = Release|Win32
	EndGlobalSection
	GlobalSection(SolutionProperties) = preSolution
		HideSolutionNode = FALSE
	EndGlobalSection
	GlobalSection(ExtensibilityGlobals) = postSolution
		SolutionGuid = {AD820A21-6E96-4439-BA0C-94189A2C6D4A}
	EndGlobalSection
EndGlobal
