
Microsoft Visual Studio Solution File, Format Version 12.00
# Visual Studio 15
VisualStudioVersion = 15.0.28307.757
MinimumVisualStudioVersion = 10.0.40219.1
Project("{8BC9CEB8-8B4A-11D0-8D11-00A0C91BC942}") = "2swexpert_fishing_king", "2swexpert_fishing_king\2swexpert_fishing_king.vcxproj", "{8CA65A70-6BDF-4901-8B98-6A67F57AE4AB}"
EndProject
Global
	GlobalSection(SolutionConfigurationPlatforms) = preSolution
		Debug|x64 = Debug|x64
		Debug|x86 = Debug|x86
		Release|x64 = Release|x64
		Release|x86 = Release|x86
	EndGlobalSection
	GlobalSection(ProjectConfigurationPlatforms) = postSolution
		{8CA65A70-6BDF-4901-8B98-6A67F57AE4AB}.Debug|x64.ActiveCfg = Debug|x64
		{8CA65A70-6BDF-4901-8B98-6A67F57AE4AB}.Debug|x64.Build.0 = Debug|x64
		{8CA65A70-6BDF-4901-8B98-6A67F57AE4AB}.Debug|x86.ActiveCfg = Debug|Win32
		{8CA65A70-6BDF-4901-8B98-6A67F57AE4AB}.Debug|x86.Build.0 = Debug|Win32
		{8CA65A70-6BDF-4901-8B98-6A67F57AE4AB}.Release|x64.ActiveCfg = Release|x64
		{8CA65A70-6BDF-4901-8B98-6A67F57AE4AB}.Release|x64.Build.0 = Release|x64
		{8CA65A70-6BDF-4901-8B98-6A67F57AE4AB}.Release|x86.ActiveCfg = Release|Win32
		{8CA65A70-6BDF-4901-8B98-6A67F57AE4AB}.Release|x86.Build.0 = Release|Win32
	EndGlobalSection
	GlobalSection(SolutionProperties) = preSolution
		HideSolutionNode = FALSE
	EndGlobalSection
	GlobalSection(ExtensibilityGlobals) = postSolution
		SolutionGuid = {3CAC3954-CC57-40A7-8637-65486F77091B}
	EndGlobalSection
EndGlobal
