
Microsoft Visual Studio Solution File, Format Version 12.00
# Visual Studio 15
VisualStudioVersion = 15.0.28307.757
MinimumVisualStudioVersion = 10.0.40219.1
Project("{8BC9CEB8-8B4A-11D0-8D11-00A0C91BC942}") = "baek_population_moving", "baek_population_moving\baek_population_moving.vcxproj", "{407A5086-2807-4D13-A9A5-043508761F9C}"
EndProject
Global
	GlobalSection(SolutionConfigurationPlatforms) = preSolution
		Debug|x64 = Debug|x64
		Debug|x86 = Debug|x86
		Release|x64 = Release|x64
		Release|x86 = Release|x86
	EndGlobalSection
	GlobalSection(ProjectConfigurationPlatforms) = postSolution
		{407A5086-2807-4D13-A9A5-043508761F9C}.Debug|x64.ActiveCfg = Debug|x64
		{407A5086-2807-4D13-A9A5-043508761F9C}.Debug|x64.Build.0 = Debug|x64
		{407A5086-2807-4D13-A9A5-043508761F9C}.Debug|x86.ActiveCfg = Debug|Win32
		{407A5086-2807-4D13-A9A5-043508761F9C}.Debug|x86.Build.0 = Debug|Win32
		{407A5086-2807-4D13-A9A5-043508761F9C}.Release|x64.ActiveCfg = Release|x64
		{407A5086-2807-4D13-A9A5-043508761F9C}.Release|x64.Build.0 = Release|x64
		{407A5086-2807-4D13-A9A5-043508761F9C}.Release|x86.ActiveCfg = Release|Win32
		{407A5086-2807-4D13-A9A5-043508761F9C}.Release|x86.Build.0 = Release|Win32
	EndGlobalSection
	GlobalSection(SolutionProperties) = preSolution
		HideSolutionNode = FALSE
	EndGlobalSection
	GlobalSection(ExtensibilityGlobals) = postSolution
		SolutionGuid = {867E6432-B72B-433B-A8CD-E18D088AF352}
	EndGlobalSection
EndGlobal
